<?xml version="1.0" encoding="utf-8"?>
<Project ToolsVersion="4.0" xmlns="http://schemas.microsoft.com/developer/msbuild/2003">
  <ItemGroup>
    <Filter Include="Source Files">
      <UniqueIdentifier>{4FC737F1-C7A5-4376-A066-2A32D752A2FF}</UniqueIdentifier>
      <Extensions>cpp;c;cc;cxx;def;odl;idl;hpj;bat;asm;asmx</Extensions>
    </Filter>
    <Filter Include="Header Files">
      <UniqueIdentifier>{93995380-89BD-4b04-88EB-625FBE52EBFB}</UniqueIdentifier>
      <Extensions>h;hh;hpp;hxx;hm;inl;inc;xsd</Extensions>
    </Filter>
    <Filter Include="Resource Files">
      <UniqueIdentifier>{D9D6E242-F8AF-46E4-B9FD-80ECBC20BA3E}</UniqueIdentifier>
      <Extensions>qrc;*</Extensions>
      <ParseFiles>false</ParseFiles>
    </Filter>
    <Filter Include="Resource Files">
      <UniqueIdentifier>{D9D6E242-F8AF-46E4-B9FD-80ECBC20BA3E}</UniqueIdentifier>
      <Extensions>qrc;*</Extensions>
      <ParseFiles>false</ParseFiles>
    </Filter>
    <Filter Include="Translation Files">
      <UniqueIdentifier>{639EADAA-A684-42e4-A9AD-28FC9BCB8F7C}</UniqueIdentifier>
      <Extensions>ts</Extensions>
      <ParseFiles>false</ParseFiles>
    </Filter>
    <Filter Include="Widgets">
      <UniqueIdentifier>{6acfb6a8-4433-43d9-aa31-dc0257c1ae99}</UniqueIdentifier>
    </Filter>
  </ItemGroup>
  <ItemGroup>
    <ClCompile Include="main.cpp">
      <Filter>Source Files</Filter>
    </ClCompile>
    <ClCompile Include="stdafx.cpp">
      <Filter>Source Files</Filter>
    </ClCompile>
    <ClCompile Include="GLErrorHandler.cpp">
      <Filter>Source Files</Filter>
    </ClCompile>
    <ClCompile Include="QGameLight.cpp">
      <Filter>Widgets</Filter>
    </ClCompile>
    <ClCompile Include="QSideMenu.cpp">
      <Filter>Widgets</Filter>
    </ClCompile>
    <ClCompile Include="QGLPushButton.cpp">
      <Filter>Widgets</Filter>
    </ClCompile>
    <ClCompile Include="QGenericSettings.cpp">
      <Filter>Source Files</Filter>
    </ClCompile>
    <ClCompile Include="QFlowLayout.cpp">
      <Filter>Source Files</Filter>
    </ClCompile>
  </ItemGroup>
  <ItemGroup>
    <ClInclude Include="stdafx.h">
      <Filter>Header Files</Filter>
    </ClInclude>
    <ClInclude Include="GLErrorHandler.h">
      <Filter>Header Files</Filter>
    </ClInclude>
    <ClInclude Include="QFlowLayout.h">
      <Filter>Header Files</Filter>
    </ClInclude>
  </ItemGroup>
  <ItemGroup>
    <QtMoc Include="GLDefines.h">
      <Filter>Header Files</Filter>
    </QtMoc>
    <QtMoc Include="QSideMenu.h">
      <Filter>Widgets</Filter>
    </QtMoc>
    <QtMoc Include="QGLPushButton.h">
      <Filter>Widgets</Filter>
    </QtMoc>
    <QtMoc Include="QGameLight.h">
      <Filter>Widgets</Filter>
    </QtMoc>
    <QtMoc Include="QGenericSettings.h">
      <Filter>Header Files</Filter>
    </QtMoc>
  </ItemGroup>
  <ItemGroup>
    <QtRcc Include="QGameLight.qrc">
      <Filter>Resource Files</Filter>
    </QtRcc>
  </ItemGroup>
  <ItemGroup>
    <ResourceCompile Include="GameLight.rc" />
  </ItemGroup>
  <ItemGroup>
    <None Include="gamelight_de.ts">
      <Filter>Translation Files</Filter>
    </None>
    <None Include="gamelight_en.ts">
      <Filter>Translation Files</Filter>
    </None>
  </ItemGroup>
</Project>